
Microsoft Visual Studio Solution File, Format Version 12.00
# Visual Studio Version 16
VisualStudioVersion = 16.0.29709.97
MinimumVisualStudioVersion = 10.0.40219.1
Project("{CC5FD16D-436D-48AD-A40C-5A424C6E3E79}") = "WCFWebService", "WCFWebService\WCFWebService.ccproj", "{1479C9DF-4C6C-4A4B-8570-681D4BC23872}"
EndProject
Project("{FAE04EC0-301F-11D3-BF4B-00C04F79EFBC}") = "WCFWebRole", "WCFWebRole\WCFWebRole.csproj", "{29E4D1E3-567D-468A-89B8-0A44B68F773B}"
EndProject
Global
	GlobalSection(SolutionConfigurationPlatforms) = preSolution
		Debug|Any CPU = Debug|Any CPU
		Release|Any CPU = Release|Any CPU
	EndGlobalSection
	GlobalSection(ProjectConfigurationPlatforms) = postSolution
		{1479C9DF-4C6C-4A4B-8570-681D4BC23872}.Debug|Any CPU.ActiveCfg = Debug|Any CPU
		{1479C9DF-4C6C-4A4B-8570-681D4BC23872}.Debug|Any CPU.Build.0 = Debug|Any CPU
		{1479C9DF-4C6C-4A4B-8570-681D4BC23872}.Release|Any CPU.ActiveCfg = Debug|Any CPU
		{1479C9DF-4C6C-4A4B-8570-681D4BC23872}.Release|Any CPU.Build.0 = Debug|Any CPU
		{29E4D1E3-567D-468A-89B8-0A44B68F773B}.Debug|Any CPU.ActiveCfg = Debug|Any CPU
		{29E4D1E3-567D-468A-89B8-0A44B68F773B}.Debug|Any CPU.Build.0 = Debug|Any CPU
		{29E4D1E3-567D-468A-89B8-0A44B68F773B}.Release|Any CPU.ActiveCfg = Debug|Any CPU
		{29E4D1E3-567D-468A-89B8-0A44B68F773B}.Release|Any CPU.Build.0 = Debug|Any CPU
	EndGlobalSection
	GlobalSection(SolutionProperties) = preSolution
		HideSolutionNode = FALSE
	EndGlobalSection
	GlobalSection(ExtensibilityGlobals) = postSolution
		SolutionGuid = {00D5862E-AF93-4C7A-B471-6002295506F3}
	EndGlobalSection
EndGlobal
